
Microsoft Visual Studio Solution File, Format Version 12.00
# Visual Studio Version 17
VisualStudioVersion = 17.5.33516.290
MinimumVisualStudioVersion = 10.0.40219.1
Project("{9A19103F-16F7-4668-BE54-9A1E7A4F7556}") = "ProcessesMonitor", "ProcessesMonitor\ProcessesMonitor.csproj", "{2B3E9563-2F36-4747-BE9B-D30EA6F884F5}"
EndProject
Project("{FAE04EC0-301F-11D3-BF4B-00C04F79EFBC}") = "ProcessesMonitorTests", "ProcessesMonitorTests\ProcessesMonitorTests.csproj", "{C4718A0B-117C-428F-98BF-EEB943C5CD50}"
	ProjectSection(ProjectDependencies) = postProject
		{2B3E9563-2F36-4747-BE9B-D30EA6F884F5} = {2B3E9563-2F36-4747-BE9B-D30EA6F884F5}
	EndProjectSection
EndProject
Global
	GlobalSection(SolutionConfigurationPlatforms) = preSolution
		Debug|Any CPU = Debug|Any CPU
		Release|Any CPU = Release|Any CPU
	EndGlobalSection
	GlobalSection(ProjectConfigurationPlatforms) = postSolution
		{2B3E9563-2F36-4747-BE9B-D30EA6F884F5}.Debug|Any CPU.ActiveCfg = Debug|Any CPU
		{2B3E9563-2F36-4747-BE9B-D30EA6F884F5}.Debug|Any CPU.Build.0 = Debug|Any CPU
		{2B3E9563-2F36-4747-BE9B-D30EA6F884F5}.Release|Any CPU.ActiveCfg = Release|Any CPU
		{2B3E9563-2F36-4747-BE9B-D30EA6F884F5}.Release|Any CPU.Build.0 = Release|Any CPU
		{C4718A0B-117C-428F-98BF-EEB943C5CD50}.Debug|Any CPU.ActiveCfg = Debug|Any CPU
		{C4718A0B-117C-428F-98BF-EEB943C5CD50}.Debug|Any CPU.Build.0 = Debug|Any CPU
		{C4718A0B-117C-428F-98BF-EEB943C5CD50}.Release|Any CPU.ActiveCfg = Release|Any CPU
		{C4718A0B-117C-428F-98BF-EEB943C5CD50}.Release|Any CPU.Build.0 = Release|Any CPU
	EndGlobalSection
	GlobalSection(SolutionProperties) = preSolution
		HideSolutionNode = FALSE
	EndGlobalSection
	GlobalSection(ExtensibilityGlobals) = postSolution
		SolutionGuid = {1F6EB714-9650-4AD5-A5AB-2462DC401934}
	EndGlobalSection
EndGlobal
